
Microsoft Visual Studio Solution File, Format Version 12.00
# Visual Studio 15
VisualStudioVersion = 15.0.28010.2050
MinimumVisualStudioVersion = 10.0.40219.1
Project("{FAE04EC0-301F-11D3-BF4B-00C04F79EFBC}") = "FacialRecognition_Emgu", "FacialRecognition_Emgu\FacialRecognition_Emgu.csproj", "{19873B64-2FD2-46AE-BCA9-EFF77579516E}"
EndProject
Global
	GlobalSection(SolutionConfigurationPlatforms) = preSolution
		Debug|Any CPU = Debug|Any CPU
		Release|Any CPU = Release|Any CPU
	EndGlobalSection
	GlobalSection(ProjectConfigurationPlatforms) = postSolution
		{19873B64-2FD2-46AE-BCA9-EFF77579516E}.Debug|Any CPU.ActiveCfg = Debug|Any CPU
		{19873B64-2FD2-46AE-BCA9-EFF77579516E}.Debug|Any CPU.Build.0 = Debug|Any CPU
		{19873B64-2FD2-46AE-BCA9-EFF77579516E}.Release|Any CPU.ActiveCfg = Release|Any CPU
		{19873B64-2FD2-46AE-BCA9-EFF77579516E}.Release|Any CPU.Build.0 = Release|Any CPU
	EndGlobalSection
	GlobalSection(SolutionProperties) = preSolution
		HideSolutionNode = FALSE
	EndGlobalSection
	GlobalSection(ExtensibilityGlobals) = postSolution
		SolutionGuid = {FE3FDEA8-B2A7-4BD6-830D-456DDC07A991}
	EndGlobalSection
EndGlobal
